PODS:
  - Alamofire (4.3.0)
  - AlamofireImage (3.2.0):
    - Alamofire (~> 4.1)
  - SnapKit (3.1.2)

DEPENDENCIES:
  - Alamofire (~> 4.3.0)
  - AlamofireImage (~> 3.2.0)
  - SnapKit (~> 3.1.2)

SPEC CHECKSUMS:
  Alamofire: 856a113053a7bc9cbe5d6367a555d773fc5cfef7
  AlamofireImage: 157ed682cc81d3b9db4fb90c1f12180ac552d93b
  SnapKit: 12b24f569cb7c143acc9c22b9d91b23e7b1c84a2

PODFILE CHECKSUM: 6ef87d2804000fe78262ac91379c5edc09fea413

COCOAPODS: 1.2.0.beta.1
