// !$*UTF8*$!
{
	archiveVersion = 1;
	classes = {
	};
	objectVersion = 46;
	objects = {

/* Begin PBXBuildFile section */
		D12AC3D51EA328BC0023C541 /* format.html in Resources */ = {isa = PBXBuildFile; fileRef = D12AC3D41EA328BC0023C541 /* format.html */; };
		D12AC3D91EA32B9F0023C541 /* CPFPreviewController.swift in Sources */ = {isa = PBXBuildFile; fileRef = D12AC3D81EA32B9F0023C541 /* CPFPreviewController.swift */; };
		D12AC3DB1EA336510023C541 /* CPFPreviewHeaderView.swift in Sources */ = {isa = PBXBuildFile; fileRef = D12AC3DA1EA336510023C541 /* CPFPreviewHeaderView.swift */; };
		D12AC3DD1EA3AAB50023C541 /* CPFPDFRender.swift in Sources */ = {isa = PBXBuildFile; fileRef = D12AC3DC1EA3AAB50023C541 /* CPFPDFRender.swift */; };
		D12AC3E31EA4635D0023C541 /* GitHub.css in Resources */ = {isa = PBXBuildFile; fileRef = D12AC3E21EA4635D0023C541 /* GitHub.css */; };
		D12AC3E91EA464340023C541 /* CPFHighLightModel.swift in Sources */ = {isa = PBXBuildFile; fileRef = D12AC3E51EA464340023C541 /* CPFHighLightModel.swift */; };
		D12AC3EA1EA464340023C541 /* CPFMarkdownSyntaxManager.swift in Sources */ = {isa = PBXBuildFile; fileRef = D12AC3E61EA464340023C541 /* CPFMarkdownSyntaxManager.swift */; };
		D12AC3EB1EA464340023C541 /* CPFMarkdownSyntaxModel.swift in Sources */ = {isa = PBXBuildFile; fileRef = D12AC3E71EA464340023C541 /* CPFMarkdownSyntaxModel.swift */; };
		D12AC3EC1EA464340023C541 /* CPFMarkdownSyntaxType.swift in Sources */ = {isa = PBXBuildFile; fileRef = D12AC3E81EA464340023C541 /* CPFMarkdownSyntaxType.swift */; };
		D12AC3EE1EA492800023C541 /* CPFFileManager.swift in Sources */ = {isa = PBXBuildFile; fileRef = D12AC3ED1EA492800023C541 /* CPFFileManager.swift */; };
		D12AC3F01EA4B2F50023C541 /* CPFShareTools.swift in Sources */ = {isa = PBXBuildFile; fileRef = D12AC3EF1EA4B2F50023C541 /* CPFShareTools.swift */; };
		D12AC3F21EA748E00023C541 /* CPFMyArticleModel.swift in Sources */ = {isa = PBXBuildFile; fileRef = D12AC3F11EA748E00023C541 /* CPFMyArticleModel.swift */; };
		D12AC3F41EA749200023C541 /* CPFMyArticleCell.swift in Sources */ = {isa = PBXBuildFile; fileRef = D12AC3F31EA749200023C541 /* CPFMyArticleCell.swift */; };
		D12AC3F61EA8C4000023C541 /* CPFChangeUserInfoController.swift in Sources */ = {isa = PBXBuildFile; fileRef = D12AC3F51EA8C4000023C541 /* CPFChangeUserInfoController.swift */; };
		D12AC3F81EA8C9440023C541 /* CPFChangeUserInfoCell.swift in Sources */ = {isa = PBXBuildFile; fileRef = D12AC3F71EA8C9440023C541 /* CPFChangeUserInfoCell.swift */; };
		D17E70D91E6ABD0A001049ED /* CPFMoreSettingsController.swift in Sources */ = {isa = PBXBuildFile; fileRef = D17E70D81E6ABD0A001049ED /* CPFMoreSettingsController.swift */; };
		D17E70DE1E6EA703001049ED /* CPFFavoriteController.swift in Sources */ = {isa = PBXBuildFile; fileRef = D17E70DD1E6EA703001049ED /* CPFFavoriteController.swift */; };
		D185123B1EAE374300BA5D84 /* CPFSearchController.swift in Sources */ = {isa = PBXBuildFile; fileRef = D185123A1EAE374300BA5D84 /* CPFSearchController.swift */; };
		D185123E1EB30A5B00BA5D84 /* CPFModalTransitioningDelegate.swift in Sources */ = {isa = PBXBuildFile; fileRef = D185123D1EB30A5B00BA5D84 /* CPFModalTransitioningDelegate.swift */; };
		D18512401EB30B9A00BA5D84 /* CPFOverlayControllerAnimatedTransitioning.swift in Sources */ = {isa = PBXBuildFile; fileRef = D185123F1EB30B9A00BA5D84 /* CPFOverlayControllerAnimatedTransitioning.swift */; };
		D18512421EB3117500BA5D84 /* CPFBrowseArticleController.swift in Sources */ = {isa = PBXBuildFile; fileRef = D18512411EB3117500BA5D84 /* CPFBrowseArticleController.swift */; };
		D198909E1E631D1E00364DF3 /* CPFLoginController.swift in Sources */ = {isa = PBXBuildFile; fileRef = D198909D1E631D1E00364DF3 /* CPFLoginController.swift */; };
		D19890A01E631D4E00364DF3 /* libsqlite3.tbd in Frameworks */ = {isa = PBXBuildFile; fileRef = D198909F1E631D4E00364DF3 /* libsqlite3.tbd */; };
		D19890A41E63BBFA00364DF3 /* CPFUserManager.swift in Sources */ = {isa = PBXBuildFile; fileRef = D19890A31E63BBFA00364DF3 /* CPFUserManager.swift */; };
		D1B1445D1EA311C400BC63DE /* hoedown_html_patch.c in Sources */ = {isa = PBXBuildFile; fileRef = D1B144491EA311C400BC63DE /* hoedown_html_patch.c */; };
		D1B1445E1EA311C400BC63DE /* autolink.c in Sources */ = {isa = PBXBuildFile; fileRef = D1B1444D1EA311C400BC63DE /* autolink.c */; };
		D1B1445F1EA311C400BC63DE /* buffer.c in Sources */ = {isa = PBXBuildFile; fileRef = D1B1444F1EA311C400BC63DE /* buffer.c */; };
		D1B144601EA311C400BC63DE /* document.c in Sources */ = {isa = PBXBuildFile; fileRef = D1B144511EA311C400BC63DE /* document.c */; };
		D1B144611EA311C400BC63DE /* escape.c in Sources */ = {isa = PBXBuildFile; fileRef = D1B144531EA311C400BC63DE /* escape.c */; };
		D1B144621EA311C400BC63DE /* html.c in Sources */ = {isa = PBXBuildFile; fileRef = D1B144551EA311C400BC63DE /* html.c */; };
		D1B144631EA311C400BC63DE /* html_blocks.c in Sources */ = {isa = PBXBuildFile; fileRef = D1B144571EA311C400BC63DE /* html_blocks.c */; };
		D1B144641EA311C400BC63DE /* html_smartypants.c in Sources */ = {isa = PBXBuildFile; fileRef = D1B144581EA311C400BC63DE /* html_smartypants.c */; };
		D1B144651EA311C400BC63DE /* stack.c in Sources */ = {isa = PBXBuildFile; fileRef = D1B144591EA311C400BC63DE /* stack.c */; };
		D1B144661EA311C400BC63DE /* version.c in Sources */ = {isa = PBXBuildFile; fileRef = D1B1445B1EA311C400BC63DE /* version.c */; };
		D1C190351E98B0A8007CA5D3 /* CPFSettingCategoryController.swift in Sources */ = {isa = PBXBuildFile; fileRef = D1C190341E98B0A8007CA5D3 /* CPFSettingCategoryController.swift */; };
		D1C190371E991EAC007CA5D3 /* CPFWriteArticleHeaderView.swift in Sources */ = {isa = PBXBuildFile; fileRef = D1C190361E991EAC007CA5D3 /* CPFWriteArticleHeaderView.swift */; };
		D1C190391E99D71B007CA5D3 /* CPFEditView.swift in Sources */ = {isa = PBXBuildFile; fileRef = D1C190381E99D71B007CA5D3 /* CPFEditView.swift */; };
		D1C1903B1E9A1F51007CA5D3 /* CPFKeyboardAccessoryView.swift in Sources */ = {isa = PBXBuildFile; fileRef = D1C1903A1E9A1F51007CA5D3 /* CPFKeyboardAccessoryView.swift */; };
		D1C1903D1E9A6B48007CA5D3 /* Assets.xcassets in Resources */ = {isa = PBXBuildFile; fileRef = D1C1903C1E9A6B48007CA5D3 /* Assets.xcassets */; };
		D1CF34301E975C44001A615A /* UIButton+Extension.swift in Sources */ = {isa = PBXBuildFile; fileRef = D1CF342F1E975C44001A615A /* UIButton+Extension.swift */; };
		D1CF34321E975C55001A615A /* UIView+Extension.swift in Sources */ = {isa = PBXBuildFile; fileRef = D1CF34311E975C55001A615A /* UIView+Extension.swift */; };
		D1CF34341E975C68001A615A /* UIImage+Extension.swift in Sources */ = {isa = PBXBuildFile; fileRef = D1CF34331E975C68001A615A /* UIImage+Extension.swift */; };
		D1CF34671E978569001A615A /* MJRefreshAutoFooter.m in Sources */ = {isa = PBXBuildFile; fileRef = D1CF343B1E978569001A615A /* MJRefreshAutoFooter.m */; };
		D1CF34681E978569001A615A /* MJRefreshBackFooter.m in Sources */ = {isa = PBXBuildFile; fileRef = D1CF343D1E978569001A615A /* MJRefreshBackFooter.m */; };
		D1CF34691E978569001A615A /* MJRefreshComponent.m in Sources */ = {isa = PBXBuildFile; fileRef = D1CF343F1E978569001A615A /* MJRefreshComponent.m */; };
		D1CF346A1E978569001A615A /* MJRefreshFooter.m in Sources */ = {isa = PBXBuildFile; fileRef = D1CF34411E978569001A615A /* MJRefreshFooter.m */; };
		D1CF346B1E978569001A615A /* MJRefreshHeader.m in Sources */ = {isa = PBXBuildFile; fileRef = D1CF34431E978569001A615A /* MJRefreshHeader.m */; };
		D1CF346C1E978569001A615A /* MJRefreshAutoGifFooter.m in Sources */ = {isa = PBXBuildFile; fileRef = D1CF34481E978569001A615A /* MJRefreshAutoGifFooter.m */; };
		D1CF346D1E978569001A615A /* MJRefreshAutoNormalFooter.m in Sources */ = {isa = PBXBuildFile; fileRef = D1CF344A1E978569001A615A /* MJRefreshAutoNormalFooter.m */; };
		D1CF346E1E978569001A615A /* MJRefreshAutoStateFooter.m in Sources */ = {isa = PBXBuildFile; fileRef = D1CF344C1E978569001A615A /* MJRefreshAutoStateFooter.m */; };
		D1CF346F1E978569001A615A /* MJRefreshBackGifFooter.m in Sources */ = {isa = PBXBuildFile; fileRef = D1CF344F1E978569001A615A /* MJRefreshBackGifFooter.m */; };
		D1CF34701E978569001A615A /* MJRefreshBackNormalFooter.m in Sources */ = {isa = PBXBuildFile; fileRef = D1CF34511E978569001A615A /* MJRefreshBackNormalFooter.m */; };
		D1CF34711E978569001A615A /* MJRefreshBackStateFooter.m in Sources */ = {isa = PBXBuildFile; fileRef = D1CF34531E978569001A615A /* MJRefreshBackStateFooter.m */; };
		D1CF34721E978569001A615A /* MJRefreshGifHeader.m in Sources */ = {isa = PBXBuildFile; fileRef = D1CF34561E978569001A615A /* MJRefreshGifHeader.m */; };
		D1CF34731E978569001A615A /* MJRefreshNormalHeader.m in Sources */ = {isa = PBXBuildFile; fileRef = D1CF34581E978569001A615A /* MJRefreshNormalHeader.m */; };
		D1CF34741E978569001A615A /* MJRefreshStateHeader.m in Sources */ = {isa = PBXBuildFile; fileRef = D1CF345A1E978569001A615A /* MJRefreshStateHeader.m */; };
		D1CF34751E978569001A615A /* MJRefresh.bundle in Resources */ = {isa = PBXBuildFile; fileRef = D1CF345B1E978569001A615A /* MJRefresh.bundle */; };
		D1CF34761E978569001A615A /* MJRefreshConst.m in Sources */ = {isa = PBXBuildFile; fileRef = D1CF345E1E978569001A615A /* MJRefreshConst.m */; };
		D1CF34771E978569001A615A /* NSBundle+MJRefresh.m in Sources */ = {isa = PBXBuildFile; fileRef = D1CF34601E978569001A615A /* NSBundle+MJRefresh.m */; };
		D1CF34781E978569001A615A /* UIScrollView+MJExtension.m in Sources */ = {isa = PBXBuildFile; fileRef = D1CF34621E978569001A615A /* UIScrollView+MJExtension.m */; };
		D1CF34791E978569001A615A /* UIScrollView+MJRefresh.m in Sources */ = {isa = PBXBuildFile; fileRef = D1CF34641E978569001A615A /* UIScrollView+MJRefresh.m */; };
		D1CF347A1E978569001A615A /* UIView+MJExtension.m in Sources */ = {isa = PBXBuildFile; fileRef = D1CF34661E978569001A615A /* UIView+MJExtension.m */; };
		D1DB511D1E52DEAD00328B65 /* AppDelegate.swift in Sources */ = {isa = PBXBuildFile; fileRef = D1DB511C1E52DEAD00328B65 /* AppDelegate.swift */; };
		D1DB51271E52DEAD00328B65 /* LaunchScreen.storyboard in Resources */ = {isa = PBXBuildFile; fileRef = D1DB51251E52DEAD00328B65 /* LaunchScreen.storyboard */; };
		D1DB51331E52E61E00328B65 /* CPFGlobalUtilits.swift in Sources */ = {isa = PBXBuildFile; fileRef = D1DB51321E52E61E00328B65 /* CPFGlobalUtilits.swift */; };
		D1DB513B1E53F3D600328B65 /* BaseViewController.swift in Sources */ = {isa = PBXBuildFile; fileRef = D1DB51391E53F3D600328B65 /* BaseViewController.swift */; };
		D1DB51511E53F5E600328B65 /* CPFTabBarController.swift in Sources */ = {isa = PBXBuildFile; fileRef = D1DB51501E53F5E600328B65 /* CPFTabBarController.swift */; };
		D1DB51531E53F7F200328B65 /* CPFNavigationController.swift in Sources */ = {isa = PBXBuildFile; fileRef = D1DB51521E53F7F200328B65 /* CPFNavigationController.swift */; };
		D1DB51551E53F89300328B65 /* CPFAttentionController.swift in Sources */ = {isa = PBXBuildFile; fileRef = D1DB51541E53F89300328B65 /* CPFAttentionController.swift */; };
		D1DB51571E53F8AB00328B65 /* CPFMyArticleController.swift in Sources */ = {isa = PBXBuildFile; fileRef = D1DB51561E53F8AB00328B65 /* CPFMyArticleController.swift */; };
		D1DB51591E53F8CB00328B65 /* CPFWriteArticleController.swift in Sources */ = {isa = PBXBuildFile; fileRef = D1DB51581E53F8CB00328B65 /* CPFWriteArticleController.swift */; };
		D1DB515B1E53F8EC00328B65 /* CPFNotifyController.swift in Sources */ = {isa = PBXBuildFile; fileRef = D1DB515A1E53F8EC00328B65 /* CPFNotifyController.swift */; };
		D1DB515D1E53F8FE00328B65 /* CPFMineController.swift in Sources */ = {isa = PBXBuildFile; fileRef = D1DB515C1E53F8FE00328B65 /* CPFMineController.swift */; };
		D1DB51601E54201A00328B65 /* Localizable.strings in Resources */ = {isa = PBXBuildFile; fileRef = D1DB51621E54201A00328B65 /* Localizable.strings */; };
		D1DB51671E54371200328B65 /* CPFTabBar.swift in Sources */ = {isa = PBXBuildFile; fileRef = D1DB51661E54371200328B65 /* CPFTabBar.swift */; };
		D1DB51691E5A8D8000328B65 /* CPFAttentionCell.swift in Sources */ = {isa = PBXBuildFile; fileRef = D1DB51681E5A8D8000328B65 /* CPFAttentionCell.swift */; };
		D1DB516C1E5A9EE900328B65 /* AttentionArticleModel.swift in Sources */ = {isa = PBXBuildFile; fileRef = D1DB516B1E5A9EE900328B65 /* AttentionArticleModel.swift */; };
		D1EA68991E9CFB0B0073C6CA /* CPFProgressView.swift in Sources */ = {isa = PBXBuildFile; fileRef = D1EA68981E9CFB0B0073C6CA /* CPFProgressView.swift */; };
		E7597725F5752EF8116D584F /* Pods_KaraNotes.framework in Frameworks */ = {isa = PBXBuildFile; fileRef = 1C2504BCA8CAAF8866B63E73 /* Pods_KaraNotes.framework */; };
/* End PBXBuildFile section */

/* Begin PBXFileReference section */
		1C2504BCA8CAAF8866B63E73 /* Pods_KaraNotes.framework */ = {isa = PBXFileReference; explicitFileType = wrapper.framework; includeInIndex = 0; path = Pods_KaraNotes.framework; sourceTree = BUILT_PRODUCTS_DIR; };
		63F216FF3C1454E86CE45627 /* Pods-KaraNotes.release.xcconfig */ = {isa = PBXFileReference; includeInIndex = 1; lastKnownFileType = text.xcconfig; name = "Pods-KaraNotes.release.xcconfig"; path = "Pods/Target Support Files/Pods-KaraNotes/Pods-KaraNotes.release.xcconfig"; sourceTree = "<group>"; };
		997B9633B276A9BD5956AB6B /* Pods-KaraNotes.debug.xcconfig */ = {isa = PBXFileReference; includeInIndex = 1; lastKnownFileType = text.xcconfig; name = "Pods-KaraNotes.debug.xcconfig"; path = "Pods/Target Support Files/Pods-KaraNotes/Pods-KaraNotes.debug.xcconfig"; sourceTree = "<group>"; };
		D12AC3D41EA328BC0023C541 /* format.html */ = {isa = PBXFileReference; fileEncoding = 4; lastKnownFileType = text.html; name = format.html; path = ThirdTools/format.html; sourceTree = "<group>"; };
		D12AC3D81EA32B9F0023C541 /* CPFPreviewController.swift */ = {isa = PBXFileReference; fileEncoding = 4; lastKnownFileType = sourcecode.swift; path = CPFPreviewController.swift; sourceTree = "<group>"; };
		D12AC3DA1EA336510023C541 /* CPFPreviewHeaderView.swift */ = {isa = PBXFileReference; fileEncoding = 4; lastKnownFileType = sourcecode.swift; path = CPFPreviewHeaderView.swift; sourceTree = "<group>"; };
		D12AC3DC1EA3AAB50023C541 /* CPFPDFRender.swift */ = {isa = PBXFileReference; fileEncoding = 4; lastKnownFileType = sourcecode.swift; path = CPFPDFRender.swift; sourceTree = "<group>"; };
		D12AC3E21EA4635D0023C541 /* GitHub.css */ = {isa = PBXFileReference; fileEncoding = 4; lastKnownFileType = text.css; path = GitHub.css; sourceTree = "<group>"; };
		D12AC3E51EA464340023C541 /* CPFHighLightModel.swift */ = {isa = PBXFileReference; fileEncoding = 4; lastKnownFileType = sourcecode.swift; path = CPFHighLightModel.swift; sourceTree = "<group>"; };
		D12AC3E61EA464340023C541 /* CPFMarkdownSyntaxManager.swift */ = {isa = PBXFileReference; fileEncoding = 4; lastKnownFileType = sourcecode.swift; path = CPFMarkdownSyntaxManager.swift; sourceTree = "<group>"; };
		D12AC3E71EA464340023C541 /* CPFMarkdownSyntaxModel.swift */ = {isa = PBXFileReference; fileEncoding = 4; lastKnownFileType = sourcecode.swift; path = CPFMarkdownSyntaxModel.swift; sourceTree = "<group>"; };
		D12AC3E81EA464340023C541 /* CPFMarkdownSyntaxType.swift */ = {isa = PBXFileReference; fileEncoding = 4; lastKnownFileType = sourcecode.swift; path = CPFMarkdownSyntaxType.swift; sourceTree = "<group>"; };
		D12AC3ED1EA492800023C541 /* CPFFileManager.swift */ = {isa = PBXFileReference; fileEncoding = 4; lastKnownFileType = sourcecode.swift; path = CPFFileManager.swift; sourceTree = "<group>"; };
		D12AC3EF1EA4B2F50023C541 /* CPFShareTools.swift */ = {isa = PBXFileReference; fileEncoding = 4; lastKnownFileType = sourcecode.swift; path = CPFShareTools.swift; sourceTree = "<group>"; };
		D12AC3F11EA748E00023C541 /* CPFMyArticleModel.swift */ = {isa = PBXFileReference; fileEncoding = 4; lastKnownFileType = sourcecode.swift; path = CPFMyArticleModel.swift; sourceTree = "<group>"; };
		D12AC3F31EA749200023C541 /* CPFMyArticleCell.swift */ = {isa = PBXFileReference; fileEncoding = 4; lastKnownFileType = sourcecode.swift; path = CPFMyArticleCell.swift; sourceTree = "<group>"; };
		D12AC3F51EA8C4000023C541 /* CPFChangeUserInfoController.swift */ = {isa = PBXFileReference; fileEncoding = 4; lastKnownFileType = sourcecode.swift; path = CPFChangeUserInfoController.swift; sourceTree = "<group>"; };
		D12AC3F71EA8C9440023C541 /* CPFChangeUserInfoCell.swift */ = {isa = PBXFileReference; fileEncoding = 4; lastKnownFileType = sourcecode.swift; path = CPFChangeUserInfoCell.swift; sourceTree = "<group>"; };
		D17E70D81E6ABD0A001049ED /* CPFMoreSettingsController.swift */ = {isa = PBXFileReference; fileEncoding = 4; lastKnownFileType = sourcecode.swift; path = CPFMoreSettingsController.swift; sourceTree = "<group>"; };
		D17E70DD1E6EA703001049ED /* CPFFavoriteController.swift */ = {isa = PBXFileReference; fileEncoding = 4; lastKnownFileType = sourcecode.swift; path = CPFFavoriteController.swift; sourceTree = "<group>"; };
		D185123A1EAE374300BA5D84 /* CPFSearchController.swift */ = {isa = PBXFileReference; fileEncoding = 4; lastKnownFileType = sourcecode.swift; path = CPFSearchController.swift; sourceTree = "<group>"; };
		D185123D1EB30A5B00BA5D84 /* CPFModalTransitioningDelegate.swift */ = {isa = PBXFileReference; fileEncoding = 4; lastKnownFileType = sourcecode.swift; path = CPFModalTransitioningDelegate.swift; sourceTree = "<group>"; };
		D185123F1EB30B9A00BA5D84 /* CPFOverlayControllerAnimatedTransitioning.swift */ = {isa = PBXFileReference; fileEncoding = 4; lastKnownFileType = sourcecode.swift; path = CPFOverlayControllerAnimatedTransitioning.swift; sourceTree = "<group>"; };
		D18512411EB3117500BA5D84 /* CPFBrowseArticleController.swift */ = {isa = PBXFileReference; fileEncoding = 4; lastKnownFileType = sourcecode.swift; path = CPFBrowseArticleController.swift; sourceTree = "<group>"; };
		D198909D1E631D1E00364DF3 /* CPFLoginController.swift */ = {isa = PBXFileReference; fileEncoding = 4; lastKnownFileType = sourcecode.swift; path = CPFLoginController.swift; sourceTree = "<group>"; };
		D198909F1E631D4E00364DF3 /* libsqlite3.tbd */ = {isa = PBXFileReference; lastKnownFileType = "sourcecode.text-based-dylib-definition"; name = libsqlite3.tbd; path = usr/lib/libsqlite3.tbd; sourceTree = SDKROOT; };
		D19890A21E631FB800364DF3 /* KaraNotes_Bridging_Header.h */ = {isa = PBXFileReference; fileEncoding = 4; lastKnownFileType = sourcecode.c.h; path = KaraNotes_Bridging_Header.h; sourceTree = "<group>"; };
		D19890A31E63BBFA00364DF3 /* CPFUserManager.swift */ = {isa = PBXFileReference; fileEncoding = 4; lastKnownFileType = sourcecode.swift; path = CPFUserManager.swift; sourceTree = "<group>"; };
		D1B144491EA311C400BC63DE /* hoedown_html_patch.c */ = {isa = PBXFileReference; fileEncoding = 4; lastKnownFileType = sourcecode.c.c; path = hoedown_html_patch.c; sourceTree = "<group>"; };
		D1B1444A1EA311C400BC63DE /* hoedown_html_patch.h */ = {isa = PBXFileReference; fileEncoding = 4; lastKnownFileType = sourcecode.c.h; path = hoedown_html_patch.h; sourceTree = "<group>"; };
		D1B1444B1EA311C400BC63DE /* HoedownHelper.h */ = {isa = PBXFileReference; fileEncoding = 4; lastKnownFileType = sourcecode.c.h; path = HoedownHelper.h; sourceTree = "<group>"; };
		D1B1444D1EA311C400BC63DE /* autolink.c */ = {isa = PBXFileReference; fileEncoding = 4; lastKnownFileType = sourcecode.c.c; path = autolink.c; sourceTree = "<group>"; };
		D1B1444E1EA311C400BC63DE /* autolink.h */ = {isa = PBXFileReference; fileEncoding = 4; lastKnownFileType = sourcecode.c.h; path = autolink.h; sourceTree = "<group>"; };
		D1B1444F1EA311C400BC63DE /* buffer.c */ = {isa = PBXFileReference; fileEncoding = 4; lastKnownFileType = sourcecode.c.c; path = buffer.c; sourceTree = "<group>"; };
		D1B144501EA311C400BC63DE /* buffer.h */ = {isa = PBXFileReference; fileEncoding = 4; lastKnownFileType = sourcecode.c.h; path = buffer.h; sourceTree = "<group>"; };
		D1B144511EA311C400BC63DE /* document.c */ = {isa = PBXFileReference; fileEncoding = 4; lastKnownFileType = sourcecode.c.c; path = document.c; sourceTree = "<group>"; };
		D1B144521EA311C400BC63DE /* document.h */ = {isa = PBXFileReference; fileEncoding = 4; lastKnownFileType = sourcecode.c.h; path = document.h; sourceTree = "<group>"; };
		D1B144531EA311C400BC63DE /* escape.c */ = {isa = PBXFileReference; fileEncoding = 4; lastKnownFileType = sourcecode.c.c; path = escape.c; sourceTree = "<group>"; };
		D1B144541EA311C400BC63DE /* escape.h */ = {isa = PBXFileReference; fileEncoding = 4; lastKnownFileType = sourcecode.c.h; path = escape.h; sourceTree = "<group>"; };
		D1B144551EA311C400BC63DE /* html.c */ = {isa = PBXFileReference; fileEncoding = 4; lastKnownFileType = sourcecode.c.c; path = html.c; sourceTree = "<group>"; };
		D1B144561EA311C400BC63DE /* html.h */ = {isa = PBXFileReference; fileEncoding = 4; lastKnownFileType = sourcecode.c.h; path = html.h; sourceTree = "<group>"; };
		D1B144571EA311C400BC63DE /* html_blocks.c */ = {isa = PBXFileReference; fileEncoding = 4; lastKnownFileType = sourcecode.c.c; path = html_blocks.c; sourceTree = "<group>"; };
		D1B144581EA311C400BC63DE /* html_smartypants.c */ = {isa = PBXFileReference; fileEncoding = 4; lastKnownFileType = sourcecode.c.c; path = html_smartypants.c; sourceTree = "<group>"; };
		D1B144591EA311C400BC63DE /* stack.c */ = {isa = PBXFileReference; fileEncoding = 4; lastKnownFileType = sourcecode.c.c; path = stack.c; sourceTree = "<group>"; };
		D1B1445A1EA311C400BC63DE /* stack.h */ = {isa = PBXFileReference; fileEncoding = 4; lastKnownFileType = sourcecode.c.h; path = stack.h; sourceTree = "<group>"; };
		D1B1445B1EA311C400BC63DE /* version.c */ = {isa = PBXFileReference; fileEncoding = 4; lastKnownFileType = sourcecode.c.c; path = version.c; sourceTree = "<group>"; };
		D1B1445C1EA311C400BC63DE /* version.h */ = {isa = PBXFileReference; fileEncoding = 4; lastKnownFileType = sourcecode.c.h; path = version.h; sourceTree = "<group>"; };
		D1C190341E98B0A8007CA5D3 /* CPFSettingCategoryController.swift */ = {isa = PBXFileReference; fileEncoding = 4; lastKnownFileType = sourcecode.swift; path = CPFSettingCategoryController.swift; sourceTree = "<group>"; };
		D1C190361E991EAC007CA5D3 /* CPFWriteArticleHeaderView.swift */ = {isa = PBXFileReference; fileEncoding = 4; lastKnownFileType = sourcecode.swift; path = CPFWriteArticleHeaderView.swift; sourceTree = "<group>"; };
		D1C190381E99D71B007CA5D3 /* CPFEditView.swift */ = {isa = PBXFileReference; fileEncoding = 4; lastKnownFileType = sourcecode.swift; path = CPFEditView.swift; sourceTree = "<group>"; };
		D1C1903A1E9A1F51007CA5D3 /* CPFKeyboardAccessoryView.swift */ = {isa = PBXFileReference; fileEncoding = 4; lastKnownFileType = sourcecode.swift; path = CPFKeyboardAccessoryView.swift; sourceTree = "<group>"; };
		D1C1903C1E9A6B48007CA5D3 /* Assets.xcassets */ = {isa = PBXFileReference; lastKnownFileType = folder.assetcatalog; path = Assets.xcassets; sourceTree = "<group>"; };
		D1CF342F1E975C44001A615A /* UIButton+Extension.swift */ = {isa = PBXFileReference; fileEncoding = 4; lastKnownFileType = sourcecode.swift; path = "UIButton+Extension.swift"; sourceTree = "<group>"; };
		D1CF34311E975C55001A615A /* UIView+Extension.swift */ = {isa = PBXFileReference; fileEncoding = 4; lastKnownFileType = sourcecode.swift; path = "UIView+Extension.swift"; sourceTree = "<group>"; };
		D1CF34331E975C68001A615A /* UIImage+Extension.swift */ = {isa = PBXFileReference; fileEncoding = 4; lastKnownFileType = sourcecode.swift; path = "UIImage+Extension.swift"; sourceTree = "<group>"; };
		D1CF343A1E978569001A615A /* MJRefreshAutoFooter.h */ = {isa = PBXFileReference; fileEncoding = 4; lastKnownFileType = sourcecode.c.h; path = MJRefreshAutoFooter.h; sourceTree = "<group>"; };
		D1CF343B1E978569001A615A /* MJRefreshAutoFooter.m */ = {isa = PBXFileReference; fileEncoding = 4; lastKnownFileType = sourcecode.c.objc; path = MJRefreshAutoFooter.m; sourceTree = "<group>"; };
		D1CF343C1E978569001A615A /* MJRefreshBackFooter.h */ = {isa = PBXFileReference; fileEncoding = 4; lastKnownFileType = sourcecode.c.h; path = MJRefreshBackFooter.h; sourceTree = "<group>"; };
		D1CF343D1E978569001A615A /* MJRefreshBackFooter.m */ = {isa = PBXFileReference; fileEncoding = 4; lastKnownFileType = sourcecode.c.objc; path = MJRefreshBackFooter.m; sourceTree = "<group>"; };
		D1CF343E1E978569001A615A /* MJRefreshComponent.h */ = {isa = PBXFileReference; fileEncoding = 4; lastKnownFileType = sourcecode.c.h; path = MJRefreshComponent.h; sourceTree = "<group>"; };
		D1CF343F1E978569001A615A /* MJRefreshComponent.m */ = {isa = PBXFileReference; fileEncoding = 4; lastKnownFileType = sourcecode.c.objc; path = MJRefreshComponent.m; sourceTree = "<group>"; };
		D1CF34401E978569001A615A /* MJRefreshFooter.h */ = {isa = PBXFileReference; fileEncoding = 4; lastKnownFileType = sourcecode.c.h; path = MJRefreshFooter.h; sourceTree = "<group>"; };
		D1CF34411E978569001A615A /* MJRefreshFooter.m */ = {isa = PBXFileReference; fileEncoding = 4; lastKnownFileType = sourcecode.c.objc; path = MJRefreshFooter.m; sourceTree = "<group>"; };
		D1CF34421E978569001A615A /* MJRefreshHeader.h */ = {isa = PBXFileReference; fileEncoding = 4; lastKnownFileType = sourcecode.c.h; path = MJRefreshHeader.h; sourceTree = "<group>"; };
		D1CF34431E978569001A615A /* MJRefreshHeader.m */ = {isa = PBXFileReference; fileEncoding = 4; lastKnownFileType = sourcecode.c.objc; path = MJRefreshHeader.m; sourceTree = "<group>"; };
		D1CF34471E978569001A615A /* MJRefreshAutoGifFooter.h */ = {isa = PBXFileReference; fileEncoding = 4; lastKnownFileType = sourcecode.c.h; path = MJRefreshAutoGifFooter.h; sourceTree = "<group>"; };
		D1CF34481E978569001A615A /* MJRefreshAutoGifFooter.m */ = {isa = PBXFileReference; fileEncoding = 4; lastKnownFileType = sourcecode.c.objc; path = MJRefreshAutoGifFooter.m; sourceTree = "<group>"; };
		D1CF34491E978569001A615A /* MJRefreshAutoNormalFooter.h */ = {isa = PBXFileReference; fileEncoding = 4; lastKnownFileType = sourcecode.c.h; path = MJRefreshAutoNormalFooter.h; sourceTree = "<group>"; };
		D1CF344A1E978569001A615A /* MJRefreshAutoNormalFooter.m */ = {isa = PBXFileReference; fileEncoding = 4; lastKnownFileType = sourcecode.c.objc; path = MJRefreshAutoNormalFooter.m; sourceTree = "<group>"; };
		D1CF344B1E978569001A615A /* MJRefreshAutoStateFooter.h */ = {isa = PBXFileReference; fileEncoding = 4; lastKnownFileType = sourcecode.c.h; path = MJRefreshAutoStateFooter.h; sourceTree = "<group>"; };
		D1CF344C1E978569001A615A /* MJRefreshAutoStateFooter.m */ = {isa = PBXFileReference; fileEncoding = 4; lastKnownFileType = sourcecode.c.objc; path = MJRefreshAutoStateFooter.m; sourceTree = "<group>"; };
		D1CF344E1E978569001A615A /* MJRefreshBackGifFooter.h */ = {isa = PBXFileReference; fileEncoding = 4; lastKnownFileType = sourcecode.c.h; path = MJRefreshBackGifFooter.h; sourceTree = "<group>"; };
		D1CF344F1E978569001A615A /* MJRefreshBackGifFooter.m */ = {isa = PBXFileReference; fileEncoding = 4; lastKnownFileType = sourcecode.c.objc; path = MJRefreshBackGifFooter.m; sourceTree = "<group>"; };
		D1CF34501E978569001A615A /* MJRefreshBackNormalFooter.h */ = {isa = PBXFileReference; fileEncoding = 4; lastKnownFileType = sourcecode.c.h; path = MJRefreshBackNormalFooter.h; sourceTree = "<group>"; };
		D1CF34511E978569001A615A /* MJRefreshBackNormalFooter.m */ = {isa = PBXFileReference; fileEncoding = 4; lastKnownFileType = sourcecode.c.objc; path = MJRefreshBackNormalFooter.m; sourceTree = "<group>"; };
		D1CF34521E978569001A615A /* MJRefreshBackStateFooter.h */ = {isa = PBXFileReference; fileEncoding = 4; lastKnownFileType = sourcecode.c.h; path = MJRefreshBackStateFooter.h; sourceTree = "<group>"; };
		D1CF34531E978569001A615A /* MJRefreshBackStateFooter.m */ = {isa = PBXFileReference; fileEncoding = 4; lastKnownFileType = sourcecode.c.objc; path = MJRefreshBackStateFooter.m; sourceTree = "<group>"; };
		D1CF34551E978569001A615A /* MJRefreshGifHeader.h */ = {isa = PBXFileReference; fileEncoding = 4; lastKnownFileType = sourcecode.c.h; path = MJRefreshGifHeader.h; sourceTree = "<group>"; };
		D1CF34561E978569001A615A /* MJRefreshGifHeader.m */ = {isa = PBXFileReference; fileEncoding = 4; lastKnownFileType = sourcecode.c.objc; path = MJRefreshGifHeader.m; sourceTree = "<group>"; };
		D1CF34571E978569001A615A /* MJRefreshNormalHeader.h */ = {isa = PBXFileReference; fileEncoding = 4; lastKnownFileType = sourcecode.c.h; path = MJRefreshNormalHeader.h; sourceTree = "<group>"; };
		D1CF34581E978569001A615A /* MJRefreshNormalHeader.m */ = {isa = PBXFileReference; fileEncoding = 4; lastKnownFileType = sourcecode.c.objc; path = MJRefreshNormalHeader.m; sourceTree = "<group>"; };
		D1CF34591E978569001A615A /* MJRefreshStateHeader.h */ = {isa = PBXFileReference; fileEncoding = 4; lastKnownFileType = sourcecode.c.h; path = MJRefreshStateHeader.h; sourceTree = "<group>"; };
		D1CF345A1E978569001A615A /* MJRefreshStateHeader.m */ = {isa = PBXFileReference; fileEncoding = 4; lastKnownFileType = sourcecode.c.objc; path = MJRefreshStateHeader.m; sourceTree = "<group>"; };
		D1CF345B1E978569001A615A /* MJRefresh.bundle */ = {isa = PBXFileReference; lastKnownFileType = "wrapper.plug-in"; path = MJRefresh.bundle; sourceTree = "<group>"; };
		D1CF345C1E978569001A615A /* MJRefresh.h */ = {isa = PBXFileReference; fileEncoding = 4; lastKnownFileType = sourcecode.c.h; path = MJRefresh.h; sourceTree = "<group>"; };
		D1CF345D1E978569001A615A /* MJRefreshConst.h */ = {isa = PBXFileReference; fileEncoding = 4; lastKnownFileType = sourcecode.c.h; path = MJRefreshConst.h; sourceTree = "<group>"; };
		D1CF345E1E978569001A615A /* MJRefreshConst.m */ = {isa = PBXFileReference; fileEncoding = 4; lastKnownFileType = sourcecode.c.objc; path = MJRefreshConst.m; sourceTree = "<group>"; };
		D1CF345F1E978569001A615A /* NSBundle+MJRefresh.h */ = {isa = PBXFileReference; fileEncoding = 4; lastKnownFileType = sourcecode.c.h; path = "NSBundle+MJRefresh.h"; sourceTree = "<group>"; };
		D1CF34601E978569001A615A /* NSBundle+MJRefresh.m */ = {isa = PBXFileReference; fileEncoding = 4; lastKnownFileType = sourcecode.c.objc; path = "NSBundle+MJRefresh.m"; sourceTree = "<group>"; };
		D1CF34611E978569001A615A /* UIScrollView+MJExtension.h */ = {isa = PBXFileReference; fileEncoding = 4; lastKnownFileType = sourcecode.c.h; path = "UIScrollView+MJExtension.h"; sourceTree = "<group>"; };
		D1CF34621E978569001A615A /* UIScrollView+MJExtension.m */ = {isa = PBXFileReference; fileEncoding = 4; lastKnownFileType = sourcecode.c.objc; path = "UIScrollView+MJExtension.m"; sourceTree = "<group>"; };
		D1CF34631E978569001A615A /* UIScrollView+MJRefresh.h */ = {isa = PBXFileReference; fileEncoding = 4; lastKnownFileType = sourcecode.c.h; path = "UIScrollView+MJRefresh.h"; sourceTree = "<group>"; };
		D1CF34641E978569001A615A /* UIScrollView+MJRefresh.m */ = {isa = PBXFileReference; fileEncoding = 4; lastKnownFileType = sourcecode.c.objc; path = "UIScrollView+MJRefresh.m"; sourceTree = "<group>"; };
		D1CF34651E978569001A615A /* UIView+MJExtension.h */ = {isa = PBXFileReference; fileEncoding = 4; lastKnownFileType = sourcecode.c.h; path = "UIView+MJExtension.h"; sourceTree = "<group>"; };
		D1CF34661E978569001A615A /* UIView+MJExtension.m */ = {isa = PBXFileReference; fileEncoding = 4; lastKnownFileType = sourcecode.c.objc; path = "UIView+MJExtension.m"; sourceTree = "<group>"; };
		D1DB51191E52DEAD00328B65 /* KaraNotes.app */ = {isa = PBXFileReference; explicitFileType = wrapper.application; includeInIndex = 0; path = KaraNotes.app; sourceTree = BUILT_PRODUCTS_DIR; };
		D1DB511C1E52DEAD00328B65 /* AppDelegate.swift */ = {isa = PBXFileReference; lastKnownFileType = sourcecode.swift; path = AppDelegate.swift; sourceTree = "<group>"; };
		D1DB51261E52DEAD00328B65 /* Base */ = {isa = PBXFileReference; lastKnownFileType = file.storyboard; name = Base; path = Base.lproj/LaunchScreen.storyboard; sourceTree = "<group>"; };
		D1DB51281E52DEAD00328B65 /* Info.plist */ = {isa = PBXFileReference; lastKnownFileType = text.plist.xml; path = Info.plist; sourceTree = "<group>"; };
		D1DB51321E52E61E00328B65 /* CPFGlobalUtilits.swift */ = {isa = PBXFileReference; fileEncoding = 4; lastKnownFileType = sourcecode.swift; path = CPFGlobalUtilits.swift; sourceTree = "<group>"; };
		D1DB51391E53F3D600328B65 /* BaseViewController.swift */ = {isa = PBXFileReference; fileEncoding = 4; lastKnownFileType = sourcecode.swift; path = BaseViewController.swift; sourceTree = "<group>"; };
		D1DB51501E53F5E600328B65 /* CPFTabBarController.swift */ = {isa = PBXFileReference; fileEncoding = 4; lastKnownFileType = sourcecode.swift; path = CPFTabBarController.swift; sourceTree = "<group>"; };
		D1DB51521E53F7F200328B65 /* CPFNavigationController.swift */ = {isa = PBXFileReference; fileEncoding = 4; lastKnownFileType = sourcecode.swift; path = CPFNavigationController.swift; sourceTree = "<group>"; };
		D1DB51541E53F89300328B65 /* CPFAttentionController.swift */ = {isa = PBXFileReference; fileEncoding = 4; lastKnownFileType = sourcecode.swift; path = CPFAttentionController.swift; sourceTree = "<group>"; };
		D1DB51561E53F8AB00328B65 /* CPFMyArticleController.swift */ = {isa = PBXFileReference; fileEncoding = 4; lastKnownFileType = sourcecode.swift; path = CPFMyArticleController.swift; sourceTree = "<group>"; };
		D1DB51581E53F8CB00328B65 /* CPFWriteArticleController.swift */ = {isa = PBXFileReference; fileEncoding = 4; lastKnownFileType = sourcecode.swift; path = CPFWriteArticleController.swift; sourceTree = "<group>"; };
		D1DB515A1E53F8EC00328B65 /* CPFNotifyController.swift */ = {isa = PBXFileReference; fileEncoding = 4; lastKnownFileType = sourcecode.swift; path = CPFNotifyController.swift; sourceTree = "<group>"; };
		D1DB515C1E53F8FE00328B65 /* CPFMineController.swift */ = {isa = PBXFileReference; fileEncoding = 4; lastKnownFileType = sourcecode.swift; path = CPFMineController.swift; sourceTree = "<group>"; };
		D1DB51631E54201D00328B65 /* en */ = {isa = PBXFileReference; lastKnownFileType = text.plist.strings; name = en; path = en.lproj/Localizable.strings; sourceTree = "<group>"; };
		D1DB51641E5420ED00328B65 /* zh-Hans */ = {isa = PBXFileReference; lastKnownFileType = text.plist.strings; name = "zh-Hans"; path = "zh-Hans.lproj/LaunchScreen.strings"; sourceTree = "<group>"; };
		D1DB51651E5420ED00328B65 /* zh-Hans */ = {isa = PBXFileReference; lastKnownFileType = text.plist.strings; name = "zh-Hans"; path = "zh-Hans.lproj/Localizable.strings"; sourceTree = "<group>"; };
		D1DB51661E54371200328B65 /* CPFTabBar.swift */ = {isa = PBXFileReference; fileEncoding = 4; lastKnownFileType = sourcecode.swift; path = CPFTabBar.swift; sourceTree = "<group>"; };
		D1DB51681E5A8D8000328B65 /* CPFAttentionCell.swift */ = {isa = PBXFileReference; fileEncoding = 4; lastKnownFileType = sourcecode.swift; path = CPFAttentionCell.swift; sourceTree = "<group>"; };
		D1DB516B1E5A9EE900328B65 /* AttentionArticleModel.swift */ = {isa = PBXFileReference; fileEncoding = 4; lastKnownFileType = sourcecode.swift; path = AttentionArticleModel.swift; sourceTree = "<group>"; };
		D1EA68981E9CFB0B0073C6CA /* CPFProgressView.swift */ = {isa = PBXFileReference; fileEncoding = 4; lastKnownFileType = sourcecode.swift; path = CPFProgressView.swift; sourceTree = "<group>"; };
/* End PBXFileReference section */

/* Begin PBXFrameworksBuildPhase section */
		D1DB51161E52DEAD00328B65 /* Frameworks */ = {
			isa = PBXFrameworksBuildPhase;
			buildActionMask = 2147483647;
			files = (
				D19890A01E631D4E00364DF3 /* libsqlite3.tbd in Frameworks */,
				E7597725F5752EF8116D584F /* Pods_KaraNotes.framework in Frameworks */,
			);
			runOnlyForDeploymentPostprocessing = 0;
		};
/* End PBXFrameworksBuildPhase section */

/* Begin PBXGroup section */
		83E543590EE336979C052B53 /* Frameworks */ = {
			isa = PBXGroup;
			children = (
				D198909F1E631D4E00364DF3 /* libsqlite3.tbd */,
				1C2504BCA8CAAF8866B63E73 /* Pods_KaraNotes.framework */,
			);
			name = Frameworks;
			sourceTree = "<group>";
		};
		BE6191EFF9664445B8BB584A /* Pods */ = {
			isa = PBXGroup;
			children = (
				997B9633B276A9BD5956AB6B /* Pods-KaraNotes.debug.xcconfig */,
				63F216FF3C1454E86CE45627 /* Pods-KaraNotes.release.xcconfig */,
			);
			name = Pods;
			sourceTree = "<group>";
		};
		D113D5F31E9F9755000E0A6D /* Model */ = {
			isa = PBXGroup;
			children = (
			);
			path = Model;
			sourceTree = "<group>";
		};
		D12AC3E41EA464340023C541 /* CPFMarkdownHighLight */ = {
			isa = PBXGroup;
			children = (
				D12AC3E51EA464340023C541 /* CPFHighLightModel.swift */,
				D12AC3E61EA464340023C541 /* CPFMarkdownSyntaxManager.swift */,
				D12AC3E71EA464340023C541 /* CPFMarkdownSyntaxModel.swift */,
				D12AC3E81EA464340023C541 /* CPFMarkdownSyntaxType.swift */,
			);
			path = CPFMarkdownHighLight;
			sourceTree = "<group>";
		};
		D185123C1EB309F900BA5D84 /* Transitioning */ = {
			isa = PBXGroup;
			children = (
				D185123D1EB30A5B00BA5D84 /* CPFModalTransitioningDelegate.swift */,
				D185123F1EB30B9A00BA5D84 /* CPFOverlayControllerAnimatedTransitioning.swift */,
			);
			path = Transitioning;
			sourceTree = "<group>";
		};
		D1B144481EA311C400BC63DE /* Hoedown */ = {
			isa = PBXGroup;
			children = (
				D1B144491EA311C400BC63DE /* hoedown_html_patch.c */,
				D1B1444A1EA311C400BC63DE /* hoedown_html_patch.h */,
				D1B1444B1EA311C400BC63DE /* HoedownHelper.h */,
				D1B1444C1EA311C400BC63DE /* src */,
			);
			name = Hoedown;
			path = ../Hoedown;
			sourceTree = "<group>";
		};
		D1B1444C1EA311C400BC63DE /* src */ = {
			isa = PBXGroup;
			children = (
				D1B1444D1EA311C400BC63DE /* autolink.c */,
				D1B1444E1EA311C400BC63DE /* autolink.h */,
				D1B1444F1EA311C400BC63DE /* buffer.c */,
				D1B144501EA311C400BC63DE /* buffer.h */,
				D1B144511EA311C400BC63DE /* document.c */,
				D1B144521EA311C400BC63DE /* document.h */,
				D1B144531EA311C400BC63DE /* escape.c */,
				D1B144541EA311C400BC63DE /* escape.h */,
				D1B144551EA311C400BC63DE /* html.c */,
				D1B144561EA311C400BC63DE /* html.h */,
				D1B144571EA311C400BC63DE /* html_blocks.c */,
				D1B144581EA311C400BC63DE /* html_smartypants.c */,
				D1B144591EA311C400BC63DE /* stack.c */,
				D1B1445A1EA311C400BC63DE /* stack.h */,
				D1B1445B1EA311C400BC63DE /* version.c */,
				D1B1445C1EA311C400BC63DE /* version.h */,
			);
			path = src;
			sourceTree = "<group>";
		};
		D1CF342E1E975C07001A615A /* Extension */ = {
			isa = PBXGroup;
			children = (
				D1CF342F1E975C44001A615A /* UIButton+Extension.swift */,
				D1CF34311E975C55001A615A /* UIView+Extension.swift */,
				D1CF34331E975C68001A615A /* UIImage+Extension.swift */,
			);
			path = Extension;
			sourceTree = "<group>";
		};
		D1CF34371E97855A001A615A /* ThirdTools */ = {
			isa = PBXGroup;
			children = (
				D1B144481EA311C400BC63DE /* Hoedown */,
				D1CF34381E978569001A615A /* MJRefresh */,
			);
			path = ThirdTools;
			sourceTree = "<group>";
		};
		D1CF34381E978569001A615A /* MJRefresh */ = {
			isa = PBXGroup;
			children = (
				D1CF34391E978569001A615A /* Base */,
				D1CF34441E978569001A615A /* Custom */,
				D1CF345B1E978569001A615A /* MJRefresh.bundle */,
				D1CF345C1E978569001A615A /* MJRefresh.h */,
				D1CF345D1E978569001A615A /* MJRefreshConst.h */,
				D1CF345E1E978569001A615A /* MJRefreshConst.m */,
				D1CF345F1E978569001A615A /* NSBundle+MJRefresh.h */,
				D1CF34601E978569001A615A /* NSBundle+MJRefresh.m */,
				D1CF34611E978569001A615A /* UIScrollView+MJExtension.h */,
				D1CF34621E978569001A615A /* UIScrollView+MJExtension.m */,
				D1CF34631E978569001A615A /* UIScrollView+MJRefresh.h */,
				D1CF34641E978569001A615A /* UIScrollView+MJRefresh.m */,
				D1CF34651E978569001A615A /* UIView+MJExtension.h */,
				D1CF34661E978569001A615A /* UIView+MJExtension.m */,
			);
			path = MJRefresh;
			sourceTree = "<group>";
		};
		D1CF34391E978569001A615A /* Base */ = {
			isa = PBXGroup;
			children = (
				D1CF343A1E978569001A615A /* MJRefreshAutoFooter.h */,
				D1CF343B1E978569001A615A /* MJRefreshAutoFooter.m */,
				D1CF343C1E978569001A615A /* MJRefreshBackFooter.h */,
				D1CF343D1E978569001A615A /* MJRefreshBackFooter.m */,
				D1CF343E1E978569001A615A /* MJRefreshComponent.h */,
				D1CF343F1E978569001A615A /* MJRefreshComponent.m */,
				D1CF34401E978569001A615A /* MJRefreshFooter.h */,
				D1CF34411E978569001A615A /* MJRefreshFooter.m */,
				D1CF34421E978569001A615A /* MJRefreshHeader.h */,
				D1CF34431E978569001A615A /* MJRefreshHeader.m */,
			);
			path = Base;
			sourceTree = "<group>";
		};
		D1CF34441E978569001A615A /* Custom */ = {
			isa = PBXGroup;
			children = (
				D1CF34451E978569001A615A /* Footer */,
				D1CF34541E978569001A615A /* Header */,
			);
			path = Custom;
			sourceTree = "<group>";
		};
		D1CF34451E978569001A615A /* Footer */ = {
			isa = PBXGroup;
			children = (
				D1CF34461E978569001A615A /* Auto */,
				D1CF344D1E978569001A615A /* Back */,
			);
			path = Footer;
			sourceTree = "<group>";
		};
		D1CF34461E978569001A615A /* Auto */ = {
			isa = PBXGroup;
			children = (
				D1CF34471E978569001A615A /* MJRefreshAutoGifFooter.h */,
				D1CF34481E978569001A615A /* MJRefreshAutoGifFooter.m */,
				D1CF34491E978569001A615A /* MJRefreshAutoNormalFooter.h */,
				D1CF344A1E978569001A615A /* MJRefreshAutoNormalFooter.m */,
				D1CF344B1E978569001A615A /* MJRefreshAutoStateFooter.h */,
				D1CF344C1E978569001A615A /* MJRefreshAutoStateFooter.m */,
			);
			path = Auto;
			sourceTree = "<group>";
		};
		D1CF344D1E978569001A615A /* Back */ = {
			isa = PBXGroup;
			children = (
				D1CF344E1E978569001A615A /* MJRefreshBackGifFooter.h */,
				D1CF344F1E978569001A615A /* MJRefreshBackGifFooter.m */,
				D1CF34501E978569001A615A /* MJRefreshBackNormalFooter.h */,
				D1CF34511E978569001A615A /* MJRefreshBackNormalFooter.m */,
				D1CF34521E978569001A615A /* MJRefreshBackStateFooter.h */,
				D1CF34531E978569001A615A /* MJRefreshBackStateFooter.m */,
			);
			path = Back;
			sourceTree = "<group>";
		};
		D1CF34541E978569001A615A /* Header */ = {
			isa = PBXGroup;
			children = (
				D1CF34551E978569001A615A /* MJRefreshGifHeader.h */,
				D1CF34561E978569001A615A /* MJRefreshGifHeader.m */,
				D1CF34571E978569001A615A /* MJRefreshNormalHeader.h */,
				D1CF34581E978569001A615A /* MJRefreshNormalHeader.m */,
				D1CF34591E978569001A615A /* MJRefreshStateHeader.h */,
				D1CF345A1E978569001A615A /* MJRefreshStateHeader.m */,
			);
			path = Header;
			sourceTree = "<group>";
		};
		D1DB51101E52DEAD00328B65 = {
			isa = PBXGroup;
			children = (
				D1DB511B1E52DEAD00328B65 /* KaraNotes */,
				D1DB511A1E52DEAD00328B65 /* Products */,
				BE6191EFF9664445B8BB584A /* Pods */,
				83E543590EE336979C052B53 /* Frameworks */,
			);
			sourceTree = "<group>";
		};
		D1DB511A1E52DEAD00328B65 /* Products */ = {
			isa = PBXGroup;
			children = (
				D1DB51191E52DEAD00328B65 /* KaraNotes.app */,
			);
			name = Products;
			sourceTree = "<group>";
		};
		D1DB511B1E52DEAD00328B65 /* KaraNotes */ = {
			isa = PBXGroup;
			children = (
				D1DB511C1E52DEAD00328B65 /* AppDelegate.swift */,
				D1DB513C1E53F3F200328B65 /* Attention */,
				D1DB51441E53F3F300328B65 /* MyArticle */,
				D1DB514C1E53F3F300328B65 /* WriteArticle */,
				D1DB51481E53F3F300328B65 /* Notify */,
				D1DB51401E53F3F200328B65 /* Mine */,
				D1DB51341E53F24200328B65 /* Other */,
				D1DB51371E53F3D600328B65 /* Base */,
				D1DB51311E52E5D400328B65 /* Utilits */,
				D1CF342E1E975C07001A615A /* Extension */,
				D1CF34371E97855A001A615A /* ThirdTools */,
				D1DB51251E52DEAD00328B65 /* LaunchScreen.storyboard */,
				D12AC3D41EA328BC0023C541 /* format.html */,
				D12AC3E21EA4635D0023C541 /* GitHub.css */,
				D1DB51281E52DEAD00328B65 /* Info.plist */,
				D1C1903C1E9A6B48007CA5D3 /* Assets.xcassets */,
				D1DB51621E54201A00328B65 /* Localizable.strings */,
			);
			path = KaraNotes;
			sourceTree = "<group>";
		};
		D1DB51311E52E5D400328B65 /* Utilits */ = {
			isa = PBXGroup;
			children = (
				D12AC3E41EA464340023C541 /* CPFMarkdownHighLight */,
				D1DB51321E52E61E00328B65 /* CPFGlobalUtilits.swift */,
				D19890A31E63BBFA00364DF3 /* CPFUserManager.swift */,
				D19890A21E631FB800364DF3 /* KaraNotes_Bridging_Header.h */,
				D12AC3DC1EA3AAB50023C541 /* CPFPDFRender.swift */,
				D12AC3ED1EA492800023C541 /* CPFFileManager.swift */,
				D12AC3EF1EA4B2F50023C541 /* CPFShareTools.swift */,
			);
			path = Utilits;
			sourceTree = "<group>";
		};
		D1DB51341E53F24200328B65 /* Other */ = {
			isa = PBXGroup;
			children = (
				D185123C1EB309F900BA5D84 /* Transitioning */,
				D1DB51351E53F24200328B65 /* Controller */,
				D113D5F31E9F9755000E0A6D /* Model */,
				D1DB51361E53F24200328B65 /* View */,
			);
			path = Other;
			sourceTree = "<group>";
		};
		D1DB51351E53F24200328B65 /* Controller */ = {
			isa = PBXGroup;
			children = (
				D1DB51501E53F5E600328B65 /* CPFTabBarController.swift */,
				D1DB51521E53F7F200328B65 /* CPFNavigationController.swift */,
				D198909D1E631D1E00364DF3 /* CPFLoginController.swift */,
				D18512411EB3117500BA5D84 /* CPFBrowseArticleController.swift */,
			);
			path = Controller;
			sourceTree = "<group>";
		};
		D1DB51361E53F24200328B65 /* View */ = {
			isa = PBXGroup;
			children = (
				D1DB51661E54371200328B65 /* CPFTabBar.swift */,
				D1EA68981E9CFB0B0073C6CA /* CPFProgressView.swift */,
			);
			path = View;
			sourceTree = "<group>";
		};
		D1DB51371E53F3D600328B65 /* Base */ = {
			isa = PBXGroup;
			children = (
				D1DB51381E53F3D600328B65 /* Controller */,
				D1DB513A1E53F3D600328B65 /* View */,
			);
			path = Base;
			sourceTree = "<group>";
		};
		D1DB51381E53F3D600328B65 /* Controller */ = {
			isa = PBXGroup;
			children = (
				D1DB51391E53F3D600328B65 /* BaseViewController.swift */,
			);
			path = Controller;
			sourceTree = "<group>";
		};
		D1DB513A1E53F3D600328B65 /* View */ = {
			isa = PBXGroup;
			children = (
			);
			path = View;
			sourceTree = "<group>";
		};
		D1DB513C1E53F3F200328B65 /* Attention */ = {
			isa = PBXGroup;
			children = (
				D1DB513D1E53F3F200328B65 /* Controller */,
				D1DB513E1E53F3F200328B65 /* Model */,
				D1DB513F1E53F3F200328B65 /* View */,
			);
			path = Attention;
			sourceTree = "<group>";
		};
		D1DB513D1E53F3F200328B65 /* Controller */ = {
			isa = PBXGroup;
			children = (
				D1DB51541E53F89300328B65 /* CPFAttentionController.swift */,
				D185123A1EAE374300BA5D84 /* CPFSearchController.swift */,
			);
			path = Controller;
			sourceTree = "<group>";
		};
		D1DB513E1E53F3F200328B65 /* Model */ = {
			isa = PBXGroup;
			children = (
				D1DB516B1E5A9EE900328B65 /* AttentionArticleModel.swift */,
			);
			path = Model;
			sourceTree = "<group>";
		};
		D1DB513F1E53F3F200328B65 /* View */ = {
			isa = PBXGroup;
			children = (
				D1DB51681E5A8D8000328B65 /* CPFAttentionCell.swift */,
			);
			path = View;
			sourceTree = "<group>";
		};
		D1DB51401E53F3F200328B65 /* Mine */ = {
			isa = PBXGroup;
			children = (
				D1DB51411E53F3F300328B65 /* Controller */,
				D1DB51421E53F3F300328B65 /* Model */,
				D1DB51431E53F3F300328B65 /* View */,
			);
			path = Mine;
			sourceTree = "<group>";
		};
		D1DB51411E53F3F300328B65 /* Controller */ = {
			isa = PBXGroup;
			children = (
				D1DB515C1E53F8FE00328B65 /* CPFMineController.swift */,
				D17E70DD1E6EA703001049ED /* CPFFavoriteController.swift */,
				D17E70D81E6ABD0A001049ED /* CPFMoreSettingsController.swift */,
				D1C190341E98B0A8007CA5D3 /* CPFSettingCategoryController.swift */,
				D12AC3F51EA8C4000023C541 /* CPFChangeUserInfoController.swift */,
			);
			path = Controller;
			sourceTree = "<group>";
		};
		D1DB51421E53F3F300328B65 /* Model */ = {
			isa = PBXGroup;
			children = (
			);
			path = Model;
			sourceTree = "<group>";
		};
		D1DB51431E53F3F300328B65 /* View */ = {
			isa = PBXGroup;
			children = (
				D12AC3F71EA8C9440023C541 /* CPFChangeUserInfoCell.swift */,
			);
			path = View;
			sourceTree = "<group>";
		};
		D1DB51441E53F3F300328B65 /* MyArticle */ = {
			isa = PBXGroup;
			children = (
				D1DB51451E53F3F300328B65 /* Controller */,
				D1DB51461E53F3F300328B65 /* Model */,
				D1DB51471E53F3F300328B65 /* View */,
			);
			path = MyArticle;
			sourceTree = "<group>";
		};
		D1DB51451E53F3F300328B65 /* Controller */ = {
			isa = PBXGroup;
			children = (
				D1DB51561E53F8AB00328B65 /* CPFMyArticleController.swift */,
			);
			path = Controller;
			sourceTree = "<group>";
		};
		D1DB51461E53F3F300328B65 /* Model */ = {
			isa = PBXGroup;
			children = (
				D12AC3F11EA748E00023C541 /* CPFMyArticleModel.swift */,
			);
			path = Model;
			sourceTree = "<group>";
		};
		D1DB51471E53F3F300328B65 /* View */ = {
			isa = PBXGroup;
			children = (
				D12AC3F31EA749200023C541 /* CPFMyArticleCell.swift */,
			);
			path = View;
			sourceTree = "<group>";
		};
		D1DB51481E53F3F300328B65 /* Notify */ = {
			isa = PBXGroup;
			children = (
				D1DB51491E53F3F300328B65 /* Controller */,
				D1DB514A1E53F3F300328B65 /* Model */,
				D1DB514B1E53F3F300328B65 /* View */,
			);
			path = Notify;
			sourceTree = "<group>";
		};
		D1DB51491E53F3F300328B65 /* Controller */ = {
			isa = PBXGroup;
			children = (
				D1DB515A1E53F8EC00328B65 /* CPFNotifyController.swift */,
			);
			path = Controller;
			sourceTree = "<group>";
		};
		D1DB514A1E53F3F300328B65 /* Model */ = {
			isa = PBXGroup;
			children = (
			);
			path = Model;
			sourceTree = "<group>";
		};
		D1DB514B1E53F3F300328B65 /* View */ = {
			isa = PBXGroup;
			children = (
			);
			path = View;
			sourceTree = "<group>";
		};
		D1DB514C1E53F3F300328B65 /* WriteArticle */ = {
			isa = PBXGroup;
			children = (
				D1DB514D1E53F3F300328B65 /* Controller */,
				D1DB514E1E53F3F300328B65 /* Model */,
				D1DB514F1E53F3F300328B65 /* View */,
			);
			path = WriteArticle;
			sourceTree = "<group>";
		};
		D1DB514D1E53F3F300328B65 /* Controller */ = {
			isa = PBXGroup;
			children = (
				D1DB51581E53F8CB00328B65 /* CPFWriteArticleController.swift */,
				D12AC3D81EA32B9F0023C541 /* CPFPreviewController.swift */,
			);
			path = Controller;
			sourceTree = "<group>";
		};
		D1DB514E1E53F3F300328B65 /* Model */ = {
			isa = PBXGroup;
			children = (
			);
			path = Model;
			sourceTree = "<group>";
		};
		D1DB514F1E53F3F300328B65 /* View */ = {
			isa = PBXGroup;
			children = (
				D1C190361E991EAC007CA5D3 /* CPFWriteArticleHeaderView.swift */,
				D12AC3DA1EA336510023C541 /* CPFPreviewHeaderView.swift */,
				D1C190381E99D71B007CA5D3 /* CPFEditView.swift */,
				D1C1903A1E9A1F51007CA5D3 /* CPFKeyboardAccessoryView.swift */,
			);
			path = View;
			sourceTree = "<group>";
		};
/* End PBXGroup section */

/* Begin PBXNativeTarget section */
		D1DB51181E52DEAD00328B65 /* KaraNotes */ = {
			isa = PBXNativeTarget;
			buildConfigurationList = D1DB512B1E52DEAD00328B65 /* Build configuration list for PBXNativeTarget "KaraNotes" */;
			buildPhases = (
				EAD9E29E712DA8A5187C5A6A /* [CP] Check Pods Manifest.lock */,
				D1DB51151E52DEAD00328B65 /* Sources */,
				D1DB51161E52DEAD00328B65 /* Frameworks */,
				D1DB51171E52DEAD00328B65 /* Resources */,
				8B0DF6B372182F6C5F623175 /* [CP] Embed Pods Frameworks */,
				1AC5BC69EEFEE29F9FA4F523 /* [CP] Copy Pods Resources */,
				D17E70DA1E6C4B7E001049ED /* ShellScript */,
			);
			buildRules = (
			);
			dependencies = (
			);
			name = KaraNotes;
			productName = KaraNotes;
			productReference = D1DB51191E52DEAD00328B65 /* KaraNotes.app */;
			productType = "com.apple.product-type.application";
		};
/* End PBXNativeTarget section */

/* Begin PBXProject section */
		D1DB51111E52DEAD00328B65 /* Project object */ = {
			isa = PBXProject;
			attributes = {
				CLASSPREFIX = CPF;
				LastSwiftUpdateCheck = 0820;
				LastUpgradeCheck = 0820;
				ORGANIZATIONNAME = "崔鹏飞";
				TargetAttributes = {
					D1DB51181E52DEAD00328B65 = {
						CreatedOnToolsVersion = 8.2.1;
						DevelopmentTeam = 55DB8TVP4G;
						ProvisioningStyle = Automatic;
					};
				};
			};
			buildConfigurationList = D1DB51141E52DEAD00328B65 /* Build configuration list for PBXProject "KaraNotes" */;
			compatibilityVersion = "Xcode 3.2";
			developmentRegion = English;
			hasScannedForEncodings = 0;
			knownRegions = (
				en,
				Base,
				"zh-Hans",
			);
			mainGroup = D1DB51101E52DEAD00328B65;
			productRefGroup = D1DB511A1E52DEAD00328B65 /* Products */;
			projectDirPath = "";
			projectRoot = "";
			targets = (
				D1DB51181E52DEAD00328B65 /* KaraNotes */,
			);
		};
/* End PBXProject section */

/* Begin PBXResourcesBuildPhase section */
		D1DB51171E52DEAD00328B65 /* Resources */ = {
			isa = PBXResourcesBuildPhase;
			buildActionMask = 2147483647;
			files = (
				D1DB51271E52DEAD00328B65 /* LaunchScreen.storyboard in Resources */,
				D1DB51601E54201A00328B65 /* Localizable.strings in Resources */,
				D12AC3D51EA328BC0023C541 /* format.html in Resources */,
				D1C1903D1E9A6B48007CA5D3 /* Assets.xcassets in Resources */,
				D1CF34751E978569001A615A /* MJRefresh.bundle in Resources */,
				D12AC3E31EA4635D0023C541 /* GitHub.css in Resources */,
			);
			runOnlyForDeploymentPostprocessing = 0;
		};
/* End PBXResourcesBuildPhase section */

/* Begin PBXShellScriptBuildPhase section */
		1AC5BC69EEFEE29F9FA4F523 /* [CP] Copy Pods Resources */ = {
			isa = PBXShellScriptBuildPhase;
			buildActionMask = 2147483647;
			files = (
			);
			inputPaths = (
			);
			name = "[CP] Copy Pods Resources";
			outputPaths = (
			);
			runOnlyForDeploymentPostprocessing = 0;
			shellPath = /bin/sh;
			shellScript = "\"${SRCROOT}/Pods/Target Support Files/Pods-KaraNotes/Pods-KaraNotes-resources.sh\"\n";
			showEnvVarsInLog = 0;
		};
		8B0DF6B372182F6C5F623175 /* [CP] Embed Pods Frameworks */ = {
			isa = PBXShellScriptBuildPhase;
			buildActionMask = 2147483647;
			files = (
			);
			inputPaths = (
			);
			name = "[CP] Embed Pods Frameworks";
			outputPaths = (
			);
			runOnlyForDeploymentPostprocessing = 0;
			shellPath = /bin/sh;
			shellScript = "\"${SRCROOT}/Pods/Target Support Files/Pods-KaraNotes/Pods-KaraNotes-frameworks.sh\"\n";
			showEnvVarsInLog = 0;
		};
		D17E70DA1E6C4B7E001049ED /* ShellScript */ = {
			isa = PBXShellScriptBuildPhase;
			buildActionMask = 2147483647;
			files = (
			);
			inputPaths = (
			);
			outputPaths = (
			);
			runOnlyForDeploymentPostprocessing = 0;
			shellPath = /bin/sh;
			shellScript = "TAGS=\"TODO:|FIXME:\"\necho \"searching ${SRCROOT} for ${TAGS}\"\nfind \"${SRCROOT}\" \\( -name \"*.swift\" \\) -print0 | xargs -0 egrep --with-filename --line-number --only-matching \"($TAGS).*\\$\" | perl -p -e \"s/($TAGS)/ warning: \\$1/\"";
		};
		EAD9E29E712DA8A5187C5A6A /* [CP] Check Pods Manifest.lock */ = {
			isa = PBXShellScriptBuildPhase;
			buildActionMask = 2147483647;
			files = (
			);
			inputPaths = (
			);
			name = "[CP] Check Pods Manifest.lock";
			outputPaths = (
			);
			runOnlyForDeploymentPostprocessing = 0;
			shellPath = /bin/sh;
			shellScript = "diff \"${PODS_ROOT}/../Podfile.lock\" \"${PODS_ROOT}/Manifest.lock\" > /dev/null\nif [ $? != 0 ] ; then\n    # print error to STDERR\n    echo \"error: The sandbox is not in sync with the Podfile.lock. Run 'pod install' or update your CocoaPods installation.\" >&2\n    exit 1\nfi\n";
			showEnvVarsInLog = 0;
		};
/* End PBXShellScriptBuildPhase section */

/* Begin PBXSourcesBuildPhase section */
		D1DB51151E52DEAD00328B65 /* Sources */ = {
			isa = PBXSourcesBuildPhase;
			buildActionMask = 2147483647;
			files = (
				D1DB515D1E53F8FE00328B65 /* CPFMineController.swift in Sources */,
				D1CF34781E978569001A615A /* UIScrollView+MJExtension.m in Sources */,
				D1CF34671E978569001A615A /* MJRefreshAutoFooter.m in Sources */,
				D17E70DE1E6EA703001049ED /* CPFFavoriteController.swift in Sources */,
				D1B1445F1EA311C400BC63DE /* buffer.c in Sources */,
				D1DB515B1E53F8EC00328B65 /* CPFNotifyController.swift in Sources */,
				D12AC3F21EA748E00023C541 /* CPFMyArticleModel.swift in Sources */,
				D185123B1EAE374300BA5D84 /* CPFSearchController.swift in Sources */,
				D1B144601EA311C400BC63DE /* document.c in Sources */,
				D1DB51571E53F8AB00328B65 /* CPFMyArticleController.swift in Sources */,
				D1B144651EA311C400BC63DE /* stack.c in Sources */,
				D198909E1E631D1E00364DF3 /* CPFLoginController.swift in Sources */,
				D1CF34301E975C44001A615A /* UIButton+Extension.swift in Sources */,
				D1C1903B1E9A1F51007CA5D3 /* CPFKeyboardAccessoryView.swift in Sources */,
				D12AC3E91EA464340023C541 /* CPFHighLightModel.swift in Sources */,
				D1DB511D1E52DEAD00328B65 /* AppDelegate.swift in Sources */,
				D12AC3EC1EA464340023C541 /* CPFMarkdownSyntaxType.swift in Sources */,
				D18512401EB30B9A00BA5D84 /* CPFOverlayControllerAnimatedTransitioning.swift in Sources */,
				D1CF34691E978569001A615A /* MJRefreshComponent.m in Sources */,
				D1CF34791E978569001A615A /* UIScrollView+MJRefresh.m in Sources */,
				D1CF34341E975C68001A615A /* UIImage+Extension.swift in Sources */,
				D18512421EB3117500BA5D84 /* CPFBrowseArticleController.swift in Sources */,
				D1C190391E99D71B007CA5D3 /* CPFEditView.swift in Sources */,
				D12AC3EA1EA464340023C541 /* CPFMarkdownSyntaxManager.swift in Sources */,
				D1CF346F1E978569001A615A /* MJRefreshBackGifFooter.m in Sources */,
				D1DB51511E53F5E600328B65 /* CPFTabBarController.swift in Sources */,
				D1DB51551E53F89300328B65 /* CPFAttentionController.swift in Sources */,
				D1DB51691E5A8D8000328B65 /* CPFAttentionCell.swift in Sources */,
				D12AC3F81EA8C9440023C541 /* CPFChangeUserInfoCell.swift in Sources */,
				D1DB51331E52E61E00328B65 /* CPFGlobalUtilits.swift in Sources */,
				D1CF34741E978569001A615A /* MJRefreshStateHeader.m in Sources */,
				D1CF34701E978569001A615A /* MJRefreshBackNormalFooter.m in Sources */,
				D1CF346D1E978569001A615A /* MJRefreshAutoNormalFooter.m in Sources */,
				D19890A41E63BBFA00364DF3 /* CPFUserManager.swift in Sources */,
				D1B1445E1EA311C400BC63DE /* autolink.c in Sources */,
				D1CF34771E978569001A615A /* NSBundle+MJRefresh.m in Sources */,
				D1C190351E98B0A8007CA5D3 /* CPFSettingCategoryController.swift in Sources */,
				D1CF347A1E978569001A615A /* UIView+MJExtension.m in Sources */,
				D12AC3F41EA749200023C541 /* CPFMyArticleCell.swift in Sources */,
				D1CF34731E978569001A615A /* MJRefreshNormalHeader.m in Sources */,
				D12AC3F01EA4B2F50023C541 /* CPFShareTools.swift in Sources */,
				D1B1445D1EA311C400BC63DE /* hoedown_html_patch.c in Sources */,
				D1CF346E1E978569001A615A /* MJRefreshAutoStateFooter.m in Sources */,
				D1CF34681E978569001A615A /* MJRefreshBackFooter.m in Sources */,
				D1CF34721E978569001A615A /* MJRefreshGifHeader.m in Sources */,
				D1B144661EA311C400BC63DE /* version.c in Sources */,
				D12AC3DB1EA336510023C541 /* CPFPreviewHeaderView.swift in Sources */,
				D1B144641EA311C400BC63DE /* html_smartypants.c in Sources */,
				D1CF34321E975C55001A615A /* UIView+Extension.swift in Sources */,
				D1B144621EA311C400BC63DE /* html.c in Sources */,
				D1CF34761E978569001A615A /* MJRefreshConst.m in Sources */,
				D1CF346C1E978569001A615A /* MJRefreshAutoGifFooter.m in Sources */,
				D12AC3F61EA8C4000023C541 /* CPFChangeUserInfoController.swift in Sources */,
				D12AC3DD1EA3AAB50023C541 /* CPFPDFRender.swift in Sources */,
				D1CF346A1E978569001A615A /* MJRefreshFooter.m in Sources */,
				D1B144631EA311C400BC63DE /* html_blocks.c in Sources */,
				D1DB516C1E5A9EE900328B65 /* AttentionArticleModel.swift in Sources */,
				D1CF34711E978569001A615A /* MJRefreshBackStateFooter.m in Sources */,
				D17E70D91E6ABD0A001049ED /* CPFMoreSettingsController.swift in Sources */,
				D1EA68991E9CFB0B0073C6CA /* CPFProgressView.swift in Sources */,
				D1CF346B1E978569001A615A /* MJRefreshHeader.m in Sources */,
				D12AC3EE1EA492800023C541 /* CPFFileManager.swift in Sources */,
				D1DB51531E53F7F200328B65 /* CPFNavigationController.swift in Sources */,
				D1C190371E991EAC007CA5D3 /* CPFWriteArticleHeaderView.swift in Sources */,
				D12AC3D91EA32B9F0023C541 /* CPFPreviewController.swift in Sources */,
				D1DB51591E53F8CB00328B65 /* CPFWriteArticleController.swift in Sources */,
				D185123E1EB30A5B00BA5D84 /* CPFModalTransitioningDelegate.swift in Sources */,
				D1DB513B1E53F3D600328B65 /* BaseViewController.swift in Sources */,
				D1B144611EA311C400BC63DE /* escape.c in Sources */,
				D1DB51671E54371200328B65 /* CPFTabBar.swift in Sources */,
				D12AC3EB1EA464340023C541 /* CPFMarkdownSyntaxModel.swift in Sources */,
			);
			runOnlyForDeploymentPostprocessing = 0;
		};
/* End PBXSourcesBuildPhase section */

/* Begin PBXVariantGroup section */
		D1DB51251E52DEAD00328B65 /* LaunchScreen.storyboard */ = {
			isa = PBXVariantGroup;
			children = (
				D1DB51261E52DEAD00328B65 /* Base */,
				D1DB51641E5420ED00328B65 /* zh-Hans */,
			);
			name = LaunchScreen.storyboard;
			sourceTree = "<group>";
		};
		D1DB51621E54201A00328B65 /* Localizable.strings */ = {
			isa = PBXVariantGroup;
			children = (
				D1DB51631E54201D00328B65 /* en */,
				D1DB51651E5420ED00328B65 /* zh-Hans */,
			);
			name = Localizable.strings;
			sourceTree = "<group>";
		};
/* End PBXVariantGroup section */

/* Begin XCBuildConfiguration section */
		D1DB51291E52DEAD00328B65 /* Debug */ = {
			isa = XCBuildConfiguration;
			buildSettings = {
				ALWAYS_SEARCH_USER_PATHS = NO;
				CLANG_ANALYZER_LOCALIZABILITY_NONLOCALIZED = YES;
				CLANG_ANALYZER_NONNULL = YES;
				CLANG_CXX_LANGUAGE_STANDARD = "gnu++0x";
				CLANG_CXX_LIBRARY = "libc++";
				CLANG_ENABLE_MODULES = YES;
				CLANG_ENABLE_OBJC_ARC = YES;
				CLANG_WARN_BOOL_CONVERSION = YES;
				CLANG_WARN_CONSTANT_CONVERSION = YES;
				CLANG_WARN_DIRECT_OBJC_ISA_USAGE = YES_ERROR;
				CLANG_WARN_DOCUMENTATION_COMMENTS = YES;
				CLANG_WARN_EMPTY_BODY = YES;
				CLANG_WARN_ENUM_CONVERSION = YES;
				CLANG_WARN_INFINITE_RECURSION = YES;
				CLANG_WARN_INT_CONVERSION = YES;
				CLANG_WARN_OBJC_ROOT_CLASS = YES_ERROR;
				CLANG_WARN_SUSPICIOUS_MOVE = YES;
				CLANG_WARN_UNREACHABLE_CODE = YES;
				CLANG_WARN__DUPLICATE_METHOD_MATCH = YES;
				"CODE_SIGN_IDENTITY[sdk=iphoneos*]" = "iPhone Developer";
				COPY_PHASE_STRIP = NO;
				DEBUG_INFORMATION_FORMAT = dwarf;
				ENABLE_STRICT_OBJC_MSGSEND = YES;
				ENABLE_TESTABILITY = YES;
				GCC_C_LANGUAGE_STANDARD = gnu99;
				GCC_DYNAMIC_NO_PIC = NO;
				GCC_NO_COMMON_BLOCKS = YES;
				GCC_OPTIMIZATION_LEVEL = 0;
				GCC_PREPROCESSOR_DEFINITIONS = (
					"DEBUG=1",
					"$(inherited)",
				);
				GCC_WARN_64_TO_32_BIT_CONVERSION = YES;
				GCC_WARN_ABOUT_RETURN_TYPE = YES_ERROR;
				GCC_WARN_UNDECLARED_SELECTOR = YES;
				GCC_WARN_UNINITIALIZED_AUTOS = YES_AGGRESSIVE;
				GCC_WARN_UNUSED_FUNCTION = YES;
				GCC_WARN_UNUSED_VARIABLE = YES;
				IPHONEOS_DEPLOYMENT_TARGET = 10.2;
				MTL_ENABLE_DEBUG_INFO = YES;
				ONLY_ACTIVE_ARCH = YES;
				SDKROOT = iphoneos;
				SWIFT_ACTIVE_COMPILATION_CONDITIONS = DEBUG;
				SWIFT_OPTIMIZATION_LEVEL = "-Onone";
			};
			name = Debug;
		};
		D1DB512A1E52DEAD00328B65 /* Release */ = {
			isa = XCBuildConfiguration;
			buildSettings = {
				ALWAYS_SEARCH_USER_PATHS = NO;
				CLANG_ANALYZER_LOCALIZABILITY_NONLOCALIZED = YES;
				CLANG_ANALYZER_NONNULL = YES;
				CLANG_CXX_LANGUAGE_STANDARD = "gnu++0x";
				CLANG_CXX_LIBRARY = "libc++";
				CLANG_ENABLE_MODULES = YES;
				CLANG_ENABLE_OBJC_ARC = YES;
				CLANG_WARN_BOOL_CONVERSION = YES;
				CLANG_WARN_CONSTANT_CONVERSION = YES;
				CLANG_WARN_DIRECT_OBJC_ISA_USAGE = YES_ERROR;
				CLANG_WARN_DOCUMENTATION_COMMENTS = YES;
				CLANG_WARN_EMPTY_BODY = YES;
				CLANG_WARN_ENUM_CONVERSION = YES;
				CLANG_WARN_INFINITE_RECURSION = YES;
				CLANG_WARN_INT_CONVERSION = YES;
				CLANG_WARN_OBJC_ROOT_CLASS = YES_ERROR;
				CLANG_WARN_SUSPICIOUS_MOVE = YES;
				CLANG_WARN_UNREACHABLE_CODE = YES;
				CLANG_WARN__DUPLICATE_METHOD_MATCH = YES;
				"CODE_SIGN_IDENTITY[sdk=iphoneos*]" = "iPhone Developer";
				COPY_PHASE_STRIP = NO;
				DEBUG_INFORMATION_FORMAT = "dwarf-with-dsym";
				ENABLE_NS_ASSERTIONS = NO;
				ENABLE_STRICT_OBJC_MSGSEND = YES;
				GCC_C_LANGUAGE_STANDARD = gnu99;
				GCC_NO_COMMON_BLOCKS = YES;
				GCC_WARN_64_TO_32_BIT_CONVERSION = YES;
				GCC_WARN_ABOUT_RETURN_TYPE = YES_ERROR;
				GCC_WARN_UNDECLARED_SELECTOR = YES;
				GCC_WARN_UNINITIALIZED_AUTOS = YES_AGGRESSIVE;
				GCC_WARN_UNUSED_FUNCTION = YES;
				GCC_WARN_UNUSED_VARIABLE = YES;
				IPHONEOS_DEPLOYMENT_TARGET = 10.2;
				MTL_ENABLE_DEBUG_INFO = NO;
				SDKROOT = iphoneos;
				SWIFT_OPTIMIZATION_LEVEL = "-Owholemodule";
				VALIDATE_PRODUCT = YES;
			};
			name = Release;
		};
		D1DB512C1E52DEAD00328B65 /* Debug */ = {
			isa = XCBuildConfiguration;
			baseConfigurationReference = 997B9633B276A9BD5956AB6B /* Pods-KaraNotes.debug.xcconfig */;
			buildSettings = {
				ASSETCATALOG_COMPILER_APPICON_NAME = AppIcon;
				DEFINES_MODULE = NO;
				DEVELOPMENT_TEAM = 55DB8TVP4G;
				GCC_PREFIX_HEADER = "";
				INFOPLIST_FILE = KaraNotes/Info.plist;
				LD_RUNPATH_SEARCH_PATHS = "$(inherited) @executable_path/Frameworks";
				PRODUCT_BUNDLE_IDENTIFIER = com.cuipengfei.KaraNotes;
				PRODUCT_NAME = "$(TARGET_NAME)";
				SWIFT_OBJC_BRIDGING_HEADER = /Users/cuipengfei/KaraNotes/KaraNotes/KaraNotes/Utilits/KaraNotes_Bridging_Header.h;
				SWIFT_VERSION = 3.0;
			};
			name = Debug;
		};
		D1DB512D1E52DEAD00328B65 /* Release */ = {
			isa = XCBuildConfiguration;
			baseConfigurationReference = 63F216FF3C1454E86CE45627 /* Pods-KaraNotes.release.xcconfig */;
			buildSettings = {
				ASSETCATALOG_COMPILER_APPICON_NAME = AppIcon;
				DEFINES_MODULE = NO;
				DEVELOPMENT_TEAM = 55DB8TVP4G;
				GCC_PREFIX_HEADER = "";
				INFOPLIST_FILE = KaraNotes/Info.plist;
				LD_RUNPATH_SEARCH_PATHS = "$(inherited) @executable_path/Frameworks";
				PRODUCT_BUNDLE_IDENTIFIER = com.cuipengfei.KaraNotes;
				PRODUCT_NAME = "$(TARGET_NAME)";
				SWIFT_OBJC_BRIDGING_HEADER = /Users/cuipengfei/KaraNotes/KaraNotes/KaraNotes/Utilits/KaraNotes_Bridging_Header.h;
				SWIFT_VERSION = 3.0;
			};
			name = Release;
		};
/* End XCBuildConfiguration section */

/* Begin XCConfigurationList section */
		D1DB51141E52DEAD00328B65 /* Build configuration list for PBXProject "KaraNotes" */ = {
			isa = XCConfigurationList;
			buildConfigurations = (
				D1DB51291E52DEAD00328B65 /* Debug */,
				D1DB512A1E52DEAD00328B65 /* Release */,
			);
			defaultConfigurationIsVisible = 0;
			defaultConfigurationName = Release;
		};
		D1DB512B1E52DEAD00328B65 /* Build configuration list for PBXNativeTarget "KaraNotes" */ = {
			isa = XCConfigurationList;
			buildConfigurations = (
				D1DB512C1E52DEAD00328B65 /* Debug */,
				D1DB512D1E52DEAD00328B65 /* Release */,
			);
			defaultConfigurationIsVisible = 0;
			defaultConfigurationName = Release;
		};
/* End XCConfigurationList section */
	};
	rootObject = D1DB51111E52DEAD00328B65 /* Project object */;
}
